<?xml version="1.0" encoding="utf-8"?>
<Project ToolsVersion="4.0" xmlns="http://schemas.microsoft.com/developer/msbuild/2003">
  <ItemGroup>
    <Filter Include="nim_wrapper_util">
      <UniqueIdentifier>{0b12ae5e-a6df-450a-8ede-71cf78093f9f}</UniqueIdentifier>
    </Filter>
    <Filter Include="nim_wrapper_util\json">
      <UniqueIdentifier>{b8827fdd-c39c-4e69-bc7b-879c97fffa01}</UniqueIdentifier>
    </Filter>
  </ItemGroup>
  <ItemGroup>
    <ClCompile Include="nim_wrapper_util\callback_proxy.cpp">
      <Filter>nim_wrapper_util</Filter>
    </ClCompile>
    <ClCompile Include="nim_wrapper_util\convert_utf.c">
      <Filter>nim_wrapper_util</Filter>
    </ClCompile>
    <ClCompile Include="nim_wrapper_util\json_reader.cpp">
      <Filter>nim_wrapper_util</Filter>
    </ClCompile>
    <ClCompile Include="nim_wrapper_util\json_value.cpp">
      <Filter>nim_wrapper_util</Filter>
    </ClCompile>
    <ClCompile Include="nim_wrapper_util\json_writer.cpp">
      <Filter>nim_wrapper_util</Filter>
    </ClCompile>
    <ClCompile Include="nim_wrapper_util\nim_json_util.cpp">
      <Filter>nim_wrapper_util</Filter>
    </ClCompile>
    <ClCompile Include="nim_wrapper_util\nim_sdk_util.cpp">
      <Filter>nim_wrapper_util</Filter>
    </ClCompile>
    <ClCompile Include="nim_wrapper_util\nim_string_util.cpp">
      <Filter>nim_wrapper_util</Filter>
    </ClCompile>
  </ItemGroup>
  <ItemGroup>
    <ClInclude Include="nim_wrapper_util\callback_proxy.h">
      <Filter>nim_wrapper_util</Filter>
    </ClInclude>
    <ClInclude Include="nim_wrapper_util\convert_utf.h">
      <Filter>nim_wrapper_util</Filter>
    </ClInclude>
    <ClInclude Include="nim_wrapper_util\json_tool.h">
      <Filter>nim_wrapper_util</Filter>
    </ClInclude>
    <ClInclude Include="nim_wrapper_util\nim_json_util.h">
      <Filter>nim_wrapper_util</Filter>
    </ClInclude>
    <ClInclude Include="nim_wrapper_util\nim_sdk_util.h">
      <Filter>nim_wrapper_util</Filter>
    </ClInclude>
    <ClInclude Include="nim_wrapper_util\nim_string_util.h">
      <Filter>nim_wrapper_util</Filter>
    </ClInclude>
    <ClInclude Include="nim_wrapper_util\nim_wrapper_util_include.h">
      <Filter>nim_wrapper_util</Filter>
    </ClInclude>
    <ClInclude Include="nim_wrapper_util\json\allocator.h">
      <Filter>nim_wrapper_util\json</Filter>
    </ClInclude>
    <ClInclude Include="nim_wrapper_util\json\assertions.h">
      <Filter>nim_wrapper_util\json</Filter>
    </ClInclude>
    <ClInclude Include="nim_wrapper_util\json\config.h">
      <Filter>nim_wrapper_util\json</Filter>
    </ClInclude>
    <ClInclude Include="nim_wrapper_util\json\forwards.h">
      <Filter>nim_wrapper_util\json</Filter>
    </ClInclude>
    <ClInclude Include="nim_wrapper_util\json\json.h">
      <Filter>nim_wrapper_util\json</Filter>
    </ClInclude>
    <ClInclude Include="nim_wrapper_util\json\json_features.h">
      <Filter>nim_wrapper_util\json</Filter>
    </ClInclude>
    <ClInclude Include="nim_wrapper_util\json\reader.h">
      <Filter>nim_wrapper_util\json</Filter>
    </ClInclude>
    <ClInclude Include="nim_wrapper_util\json\value.h">
      <Filter>nim_wrapper_util\json</Filter>
    </ClInclude>
    <ClInclude Include="nim_wrapper_util\json\version.h">
      <Filter>nim_wrapper_util\json</Filter>
    </ClInclude>
    <ClInclude Include="nim_wrapper_util\json\writer.h">
      <Filter>nim_wrapper_util\json</Filter>
    </ClInclude>
  </ItemGroup>
  <ItemGroup>
    <None Include="nim_wrapper_util\json_valueiterator.inl">
      <Filter>nim_wrapper_util</Filter>
    </None>
  </ItemGroup>
</Project>